Microsoft Visual Studio Solution File, Format Version 7.00
Project("{FAE04EC0-301F-11D3-BF4B-00C04F79EFBC}") = "Parameters", "Parameters.csproj", "{D0668709-4D9D-4AC1-843A-E8893DEBE053}"
EndProject
Global
	GlobalSection(SolutionConfiguration) = preSolution
		ConfigName.0 = Debug
		ConfigName.1 = Release
	EndGlobalSection
	GlobalSection(ProjectDependencies) = postSolution
	EndGlobalSection
	GlobalSection(ProjectConfiguration) = postSolution
		{D0668709-4D9D-4AC1-843A-E8893DEBE053}.Debug.ActiveCfg = Debug|.NET
		{D0668709-4D9D-4AC1-843A-E8893DEBE053}.Debug.Build.0 = Debug|.NET
		{D0668709-4D9D-4AC1-843A-E8893DEBE053}.Release.ActiveCfg = Release|.NET
		{D0668709-4D9D-4AC1-843A-E8893DEBE053}.Release.Build.0 = Release|.NET
	EndGlobalSection
	GlobalSection(ExtensibilityGlobals) = postSolution
	EndGlobalSection
	GlobalSection(ExtensibilityAddIns) = postSolution
	EndGlobalSection
EndGlobal
