Microsoft Visual Studio Solution File, Format Version 7.00
Project("{FAE04EC0-301F-11D3-BF4B-00C04F79EFBC}") = "AnalyzeTimesheets", "AnalyzeTimesheets.csproj", "{282F28D0-0995-486D-9207-FC866D074714}"
EndProject
Global
	GlobalSection(SolutionConfiguration) = preSolution
		ConfigName.0 = Debug
		ConfigName.1 = Release
	EndGlobalSection
	GlobalSection(ProjectDependencies) = postSolution
	EndGlobalSection
	GlobalSection(ProjectConfiguration) = postSolution
		{282F28D0-0995-486D-9207-FC866D074714}.Debug.ActiveCfg = Debug|.NET
		{282F28D0-0995-486D-9207-FC866D074714}.Debug.Build.0 = Debug|.NET
		{282F28D0-0995-486D-9207-FC866D074714}.Release.ActiveCfg = Release|.NET
		{282F28D0-0995-486D-9207-FC866D074714}.Release.Build.0 = Release|.NET
	EndGlobalSection
	GlobalSection(ExtensibilityGlobals) = postSolution
	EndGlobalSection
	GlobalSection(ExtensibilityAddIns) = postSolution
	EndGlobalSection
EndGlobal
