Microsoft Visual Studio Solution File, Format Version 7.00
Project("{FAE04EC0-301F-11D3-BF4B-00C04F79EFBC}") = "LogReader", "LogReader.csproj", "{A77F68EE-42AD-49AB-9469-92191D40DCEB}"
EndProject
Global
	GlobalSection(SolutionConfiguration) = preSolution
		ConfigName.0 = Debug
		ConfigName.1 = Release
	EndGlobalSection
	GlobalSection(ProjectDependencies) = postSolution
	EndGlobalSection
	GlobalSection(ProjectConfiguration) = postSolution
		{A77F68EE-42AD-49AB-9469-92191D40DCEB}.Debug.ActiveCfg = Debug|.NET
		{A77F68EE-42AD-49AB-9469-92191D40DCEB}.Debug.Build.0 = Debug|.NET
		{A77F68EE-42AD-49AB-9469-92191D40DCEB}.Release.ActiveCfg = Release|.NET
		{A77F68EE-42AD-49AB-9469-92191D40DCEB}.Release.Build.0 = Release|.NET
	EndGlobalSection
	GlobalSection(ExtensibilityGlobals) = postSolution
	EndGlobalSection
	GlobalSection(ExtensibilityAddIns) = postSolution
	EndGlobalSection
EndGlobal
