Microsoft Visual Studio Solution File, Format Version 7.00
Project("{FAE04EC0-301F-11D3-BF4B-00C04F79EFBC}") = "ParamsArrays", "ParamsArrays.csproj", "{A0742FB3-FE71-4543-8679-611F0B969C59}"
EndProject
Global
	GlobalSection(SolutionConfiguration) = preSolution
		ConfigName.0 = Debug
		ConfigName.1 = Release
	EndGlobalSection
	GlobalSection(ProjectDependencies) = postSolution
	EndGlobalSection
	GlobalSection(ProjectConfiguration) = postSolution
		{A0742FB3-FE71-4543-8679-611F0B969C59}.Debug.ActiveCfg = Debug|.NET
		{A0742FB3-FE71-4543-8679-611F0B969C59}.Debug.Build.0 = Debug|.NET
		{A0742FB3-FE71-4543-8679-611F0B969C59}.Release.ActiveCfg = Release|.NET
		{A0742FB3-FE71-4543-8679-611F0B969C59}.Release.Build.0 = Release|.NET
	EndGlobalSection
	GlobalSection(ExtensibilityGlobals) = postSolution
	EndGlobalSection
	GlobalSection(ExtensibilityAddIns) = postSolution
	EndGlobalSection
EndGlobal
