Microsoft Visual Studio Solution File, Format Version 7.00
Project("{FAE04EC0-301F-11D3-BF4B-00C04F79EFBC}") = "switchStatement", "switchStatement.csproj", "{42E5AA62-6C4E-4B61-8AB9-BD198811CD7F}"
EndProject
Global
	GlobalSection(SolutionConfiguration) = preSolution
		ConfigName.0 = Debug
		ConfigName.1 = Release
	EndGlobalSection
	GlobalSection(ProjectDependencies) = postSolution
	EndGlobalSection
	GlobalSection(ProjectConfiguration) = postSolution
		{42E5AA62-6C4E-4B61-8AB9-BD198811CD7F}.Debug.ActiveCfg = Debug|.NET
		{42E5AA62-6C4E-4B61-8AB9-BD198811CD7F}.Debug.Build.0 = Debug|.NET
		{42E5AA62-6C4E-4B61-8AB9-BD198811CD7F}.Release.ActiveCfg = Release|.NET
		{42E5AA62-6C4E-4B61-8AB9-BD198811CD7F}.Release.Build.0 = Release|.NET
	EndGlobalSection
	GlobalSection(ExtensibilityGlobals) = postSolution
	EndGlobalSection
	GlobalSection(ExtensibilityAddIns) = postSolution
	EndGlobalSection
EndGlobal
