Microsoft Visual Studio Solution File, Format Version 7.00
Project("{FAE04EC0-301F-11D3-BF4B-00C04F79EFBC}") = "LogWriter", "LogWriter.csproj", "{DF7B98AB-5817-44C6-96CF-FA4A4B4EB1AA}"
EndProject
Global
	GlobalSection(SolutionConfiguration) = preSolution
		ConfigName.0 = Debug
		ConfigName.1 = Release
	EndGlobalSection
	GlobalSection(ProjectDependencies) = postSolution
	EndGlobalSection
	GlobalSection(ProjectConfiguration) = postSolution
		{DF7B98AB-5817-44C6-96CF-FA4A4B4EB1AA}.Debug.ActiveCfg = Debug|.NET
		{DF7B98AB-5817-44C6-96CF-FA4A4B4EB1AA}.Debug.Build.0 = Debug|.NET
		{DF7B98AB-5817-44C6-96CF-FA4A4B4EB1AA}.Release.ActiveCfg = Release|.NET
		{DF7B98AB-5817-44C6-96CF-FA4A4B4EB1AA}.Release.Build.0 = Release|.NET
	EndGlobalSection
	GlobalSection(ExtensibilityGlobals) = postSolution
	EndGlobalSection
	GlobalSection(ExtensibilityAddIns) = postSolution
	EndGlobalSection
EndGlobal
