Microsoft Visual Studio Solution File, Format Version 7.00
Project("{FAE04EC0-301F-11D3-BF4B-00C04F79EFBC}") = "Indexers", "Indexers.csproj", "{FE82CAA4-08D0-4E9D-B102-E336EE6CA552}"
EndProject
Global
	GlobalSection(SolutionConfiguration) = preSolution
		ConfigName.0 = Debug
		ConfigName.1 = Release
	EndGlobalSection
	GlobalSection(ProjectDependencies) = postSolution
	EndGlobalSection
	GlobalSection(ProjectConfiguration) = postSolution
		{FE82CAA4-08D0-4E9D-B102-E336EE6CA552}.Debug.ActiveCfg = Debug|.NET
		{FE82CAA4-08D0-4E9D-B102-E336EE6CA552}.Debug.Build.0 = Debug|.NET
		{FE82CAA4-08D0-4E9D-B102-E336EE6CA552}.Release.ActiveCfg = Release|.NET
		{FE82CAA4-08D0-4E9D-B102-E336EE6CA552}.Release.Build.0 = Release|.NET
	EndGlobalSection
	GlobalSection(ExtensibilityGlobals) = postSolution
	EndGlobalSection
	GlobalSection(ExtensibilityAddIns) = postSolution
	EndGlobalSection
EndGlobal
