Microsoft Visual Studio Solution File, Format Version 7.00
Project("{FAE04EC0-301F-11D3-BF4B-00C04F79EFBC}") = "doStatement", "doStatement.csproj", "{DF22D3CF-A957-4173-818A-43B2FC347F59}"
EndProject
Global
	GlobalSection(SolutionConfiguration) = preSolution
		ConfigName.0 = Debug
		ConfigName.1 = Release
	EndGlobalSection
	GlobalSection(ProjectDependencies) = postSolution
	EndGlobalSection
	GlobalSection(ProjectConfiguration) = postSolution
		{DF22D3CF-A957-4173-818A-43B2FC347F59}.Debug.ActiveCfg = Debug|.NET
		{DF22D3CF-A957-4173-818A-43B2FC347F59}.Debug.Build.0 = Debug|.NET
		{DF22D3CF-A957-4173-818A-43B2FC347F59}.Release.ActiveCfg = Release|.NET
		{DF22D3CF-A957-4173-818A-43B2FC347F59}.Release.Build.0 = Release|.NET
	EndGlobalSection
	GlobalSection(ExtensibilityGlobals) = postSolution
	EndGlobalSection
	GlobalSection(ExtensibilityAddIns) = postSolution
	EndGlobalSection
EndGlobal
