Microsoft Visual Studio Solution File, Format Version 7.00
Project("{FAE04EC0-301F-11D3-BF4B-00C04F79EFBC}") = "DataBindingDemo", "DataBindingDemo.csproj", "{AABE0FCC-0B73-45A0-832B-AB6E413B41E1}"
EndProject
Global
	GlobalSection(SolutionConfiguration) = preSolution
		ConfigName.0 = Debug
		ConfigName.1 = Release
	EndGlobalSection
	GlobalSection(ProjectDependencies) = postSolution
	EndGlobalSection
	GlobalSection(ProjectConfiguration) = postSolution
		{AABE0FCC-0B73-45A0-832B-AB6E413B41E1}.Debug.ActiveCfg = Debug|.NET
		{AABE0FCC-0B73-45A0-832B-AB6E413B41E1}.Debug.Build.0 = Debug|.NET
		{AABE0FCC-0B73-45A0-832B-AB6E413B41E1}.Release.ActiveCfg = Release|.NET
		{AABE0FCC-0B73-45A0-832B-AB6E413B41E1}.Release.Build.0 = Release|.NET
	EndGlobalSection
	GlobalSection(ExtensibilityGlobals) = postSolution
	EndGlobalSection
	GlobalSection(ExtensibilityAddIns) = postSolution
	EndGlobalSection
EndGlobal
